<?xml version="1.0" encoding="utf-8"?>
<Project ToolsVersion="4.0" xmlns="http://schemas.microsoft.com/developer/msbuild/2003">
  <ItemGroup>
    <Filter Include="소스 파일">
      <UniqueIdentifier>{4FC737F1-C7A5-4376-A066-2A32D752A2FF}</UniqueIdentifier>
      <Extensions>cpp;c;cc;cxx;c++;cppm;ixx;def;odl;idl;hpj;bat;asm;asmx</Extensions>
    </Filter>
    <Filter Include="헤더 파일">
      <UniqueIdentifier>{93995380-89BD-4b04-88EB-625FBE52EBFB}</UniqueIdentifier>
      <Extensions>h;hh;hpp;hxx;h++;hm;inl;inc;ipp;xsd</Extensions>
    </Filter>
    <Filter Include="리소스 파일">
      <UniqueIdentifier>{67DA6AB6-F800-4c08-8B7A-83BB121AAD01}</UniqueIdentifier>
      <Extensions>rc;ico;cur;bmp;dlg;rc2;rct;bin;rgs;gif;jpg;jpeg;jpe;resx;tiff;tif;png;wav;mfcribbon-ms</Extensions>
    </Filter>
    <Filter Include="MemoryPoolTLS">
      <UniqueIdentifier>{277c680f-4ae3-4415-bd75-5eb9ce9d638a}</UniqueIdentifier>
    </Filter>
    <Filter Include="Main LFMemoryPool">
      <UniqueIdentifier>{4ff35202-5103-4a92-8dc9-94e0f473227c}</UniqueIdentifier>
    </Filter>
    <Filter Include="Chunk MemoryPool">
      <UniqueIdentifier>{a08b1975-1d24-4189-9a42-32a50a1636a2}</UniqueIdentifier>
    </Filter>
    <Filter Include="Chunk">
      <UniqueIdentifier>{97528e87-5eb1-4f41-b950-92710fc129fa}</UniqueIdentifier>
    </Filter>
    <Filter Include="Profiler">
      <UniqueIdentifier>{a4ee5b66-bff8-4cc2-be51-14d6f66a34a1}</UniqueIdentifier>
    </Filter>
  </ItemGroup>
  <ItemGroup>
    <ClCompile Include="main.cpp">
      <Filter>소스 파일</Filter>
    </ClCompile>
    <ClCompile Include="CCrashDump.cpp">
      <Filter>Main LFMemoryPool</Filter>
    </ClCompile>
    <ClCompile Include="Profiler.cpp">
      <Filter>Profiler</Filter>
    </ClCompile>
  </ItemGroup>
  <ItemGroup>
    <ClInclude Include="CMemoryPoolTLS.h">
      <Filter>MemoryPoolTLS</Filter>
    </ClInclude>
    <ClInclude Include="CCrashDump.h">
      <Filter>Main LFMemoryPool</Filter>
    </ClInclude>
    <ClInclude Include="CLFMemoryPool.h">
      <Filter>Main LFMemoryPool</Filter>
    </ClInclude>
    <ClInclude Include="CChunkMemoryPool.h">
      <Filter>Chunk MemoryPool</Filter>
    </ClInclude>
    <ClInclude Include="CChunk.h">
      <Filter>Chunk</Filter>
    </ClInclude>
    <ClInclude Include="Profiler.h">
      <Filter>Profiler</Filter>
    </ClInclude>
  </ItemGroup>
</Project>